
Microsoft Visual Studio Solution File, Format Version 12.00
# Visual Studio Version 16
VisualStudioVersion = 16.0.30611.23
MinimumVisualStudioVersion = 10.0.40219.1
Project("{888888A0-9F3D-457C-B088-3A5042F75D52}") = "stock market", "stock market.pyproj", "{A5E7FC0E-B4C5-4F6F-9D07-BD3708854528}"
EndProject
Global
	GlobalSection(SolutionConfigurationPlatforms) = preSolution
		Debug|Any CPU = Debug|Any CPU
		Release|Any CPU = Release|Any CPU
	EndGlobalSection
	GlobalSection(ProjectConfigurationPlatforms) = postSolution
		{A5E7FC0E-B4C5-4F6F-9D07-BD3708854528}.Debug|Any CPU.ActiveCfg = Debug|Any CPU
		{A5E7FC0E-B4C5-4F6F-9D07-BD3708854528}.Release|Any CPU.ActiveCfg = Release|Any CPU
	EndGlobalSection
	GlobalSection(SolutionProperties) = preSolution
		HideSolutionNode = FALSE
	EndGlobalSection
	GlobalSection(ExtensibilityGlobals) = postSolution
		SolutionGuid = {1B594B5C-D700-411A-AC2E-B1BA7DAD5CD5}
	EndGlobalSection
EndGlobal
